{
  "name": "scriptor_script",
  "lockfileVersion": 2,
  "requires": true,
  "packages": {
    "": {
      "dependencies": {
        "@cliqz/adblocker-playwright": "^1.23.9"
      }
    },
    "node_modules/@cliqz/adblocker": {
      "version": "1.23.9",
      "resolved": "https://registry.npmjs.org/@cliqz/adblocker/-/adblocker-1.23.9.tgz",
      "integrity": "sha512-TeXjDa9qkVOntmbu9W8VTmsrLoDlcHf7xPsptKgsfkRr+m/VFAK38EyjkA6YBNrjU/A5JT6DRYg+IXu/0vpHbQ==",
      "dependencies": {
        "@cliqz/adblocker-content": "^1.23.9",
        "@cliqz/adblocker-extended-selectors": "^1.23.9",
        "@remusao/guess-url-type": "^1.1.2",
        "@remusao/small": "^1.1.2",
        "@remusao/smaz": "^1.7.1",
        "@types/chrome": "^0.0.193",
        "@types/firefox-webext-browser": "^94.0.0",
        "tldts-experimental": "^5.6.21"
      }
    },
    "node_modules/@cliqz/adblocker-content": {
      "version": "1.23.9",
      "resolved": "https://registry.npmjs.org/@cliqz/adblocker-content/-/adblocker-content-1.23.9.tgz",
      "integrity": "sha512-5FGYew0mfxi6usvT22HcatD/MDYWs9VfRWdqpeNoRs1D566/N82Y5Vcb2BzGDCy6hekBEVdKBxrAD4OdTuBmLg==",
      "dependencies": {
        "@cliqz/adblocker-extended-selectors": "^1.23.9"
      }
    },
    "node_modules/@cliqz/adblocker-extended-selectors": {
      "version": "1.23.9",
      "resolved": "https://registry.npmjs.org/@cliqz/adblocker-extended-selectors/-/adblocker-extended-selectors-1.23.9.tgz",
      "integrity": "sha512-qYhWCHCGxYXy3bgiju8KdARTWRM7zGL2fU1wDzTo6fjuKjfDz9EZS6wMn0+5t6cQsuLIbMPz8kbU/fKQvQ/r4Q=="
    },
    "node_modules/@cliqz/adblocker-playwright": {
      "version": "1.23.9",
      "resolved": "https://registry.npmjs.org/@cliqz/adblocker-playwright/-/adblocker-playwright-1.23.9.tgz",
      "integrity": "sha512-s5sJWjTKqZSkh3XJZaveMkq1uM8Dnz9xHWrS7GUUITpAjQmsqihOlng+TuzKtkswhFh3VwropHj7XVrkUnlGUA==",
      "dependencies": {
        "@cliqz/adblocker": "^1.23.9",
        "@cliqz/adblocker-content": "^1.23.9",
        "tldts-experimental": "^5.6.21"
      },
      "peerDependencies": {
        "playwright": "^1.x"
      }
    },
    "node_modules/@remusao/guess-url-type": {
      "version": "1.2.1",
      "resolved": "https://registry.npmjs.org/@remusao/guess-url-type/-/guess-url-type-1.2.1.tgz",
      "integrity": "sha512-rbOqre2jW8STjheOsOaQHLgYBaBZ9Owbdt8NO7WvNZftJlaG3y/K9oOkl8ZUpuFBisIhmBuMEW6c+YrQl5inRA=="
    },
    "node_modules/@remusao/small": {
      "version": "1.2.1",
      "resolved": "https://registry.npmjs.org/@remusao/small/-/small-1.2.1.tgz",
      "integrity": "sha512-7MjoGt0TJMVw1GPKgWq6SJPws1SLsUXQRa43Umht+nkyw2jnpy3WpiLNqGdwo5rHr5Wp9B2W/Pm5RQp656UJdw=="
    },
    "node_modules/@remusao/smaz": {
      "version": "1.9.1",
      "resolved": "https://registry.npmjs.org/@remusao/smaz/-/smaz-1.9.1.tgz",
      "integrity": "sha512-e6BLuP8oaXCZ9+v46Is4ilAZ/Vq6YLgmBP204Ixgk1qTjXmqvFYG7+AS7v9nsZdGOy96r9DWGFbbDVgMxwu1rA==",
      "dependencies": {
        "@remusao/smaz-compress": "^1.9.1",
        "@remusao/smaz-decompress": "^1.9.1"
      }
    },
    "node_modules/@remusao/smaz-compress": {
      "version": "1.9.1",
      "resolved": "https://registry.npmjs.org/@remusao/smaz-compress/-/smaz-compress-1.9.1.tgz",
      "integrity": "sha512-E2f48TwloQu3r6BdLOGF2aczeH7bJ/32oJGqvzT9SKur0cuUnLcZ7ZXP874E2fwmdE+cXzfC7bKzp79cDnmeyw==",
      "dependencies": {
        "@remusao/trie": "^1.4.1"
      }
    },
    "node_modules/@remusao/smaz-decompress": {
      "version": "1.9.1",
      "resolved": "https://registry.npmjs.org/@remusao/smaz-decompress/-/smaz-decompress-1.9.1.tgz",
      "integrity": "sha512-TfjKKprYe3n47od8auhvJ/Ikj9kQTbDTe71ynKlxslrvvUhlIV3VQSuwYuMWMbdz1fIs0H/fxCN1Z8/H3km6/A=="
    },
    "node_modules/@remusao/trie": {
      "version": "1.4.1",
      "resolved": "https://registry.npmjs.org/@remusao/trie/-/trie-1.4.1.tgz",
      "integrity": "sha512-yvwa+aCyYI/UjeD39BnpMypG8N06l86wIDW1/PAc6ihBRnodIfZDwccxQN3n1t74wduzaz74m4ZMHZnB06567Q=="
    },
    "node_modules/@types/chrome": {
      "version": "0.0.193",
      "resolved": "https://registry.npmjs.org/@types/chrome/-/chrome-0.0.193.tgz",
      "integrity": "sha512-R8C84oqvk8A8C8G1viBd8qLpDr86Y/jwD+KLgzUekbIT9RGds6a9GnlQyg8P7ltnGogTMHkiEQK0ZlcrvTeo3Q==",
      "dependencies": {
        "@types/filesystem": "*",
        "@types/har-format": "*"
      }
    },
    "node_modules/@types/filesystem": {
      "version": "0.0.32",
      "resolved": "https://registry.npmjs.org/@types/filesystem/-/filesystem-0.0.32.tgz",
      "integrity": "sha512-Yuf4jR5YYMR2DVgwuCiP11s0xuVRyPKmz8vo6HBY3CGdeMj8af93CFZX+T82+VD1+UqHOxTq31lO7MI7lepBtQ==",
      "dependencies": {
        "@types/filewriter": "*"
      }
    },
    "node_modules/@types/filewriter": {
      "version": "0.0.29",
      "resolved": "https://registry.npmjs.org/@types/filewriter/-/filewriter-0.0.29.tgz",
      "integrity": "sha512-BsPXH/irW0ht0Ji6iw/jJaK8Lj3FJemon2gvEqHKpCdDCeemHa+rI3WBGq5z7cDMZgoLjY40oninGxqk+8NzNQ=="
    },
    "node_modules/@types/firefox-webext-browser": {
      "version": "94.0.1",
      "resolved": "https://registry.npmjs.org/@types/firefox-webext-browser/-/firefox-webext-browser-94.0.1.tgz",
      "integrity": "sha512-I6iHRQJSTZ+gYt2IxdH2RRAMvcUyK8v5Ig7fHQR0IwUNYP7hz9+cziBVIKxLCO6XI7fiyRsNOWObfl3/4Js2Lg=="
    },
    "node_modules/@types/har-format": {
      "version": "1.2.8",
      "resolved": "https://registry.npmjs.org/@types/har-format/-/har-format-1.2.8.tgz",
      "integrity": "sha512-OP6L9VuZNdskgNN3zFQQ54ceYD8OLq5IbqO4VK91ORLfOm7WdT/CiT/pHEBSQEqCInJ2y3O6iCm/zGtPElpgJQ=="
    },
    "node_modules/playwright": {
      "version": "1.25.0",
      "resolved": "https://registry.npmjs.org/playwright/-/playwright-1.25.0.tgz",
      "integrity": "sha512-Z+pQNWI17Qx/tHhnmgMmPsptsisXpKgAnUvYv98kctlHUJaqMt2400P8kTw9vEPoC0xdxqu0JhxO7pDTmaaIKw==",
      "hasInstallScript": true,
      "peer": true,
      "dependencies": {
        "playwright-core": "1.25.0"
      },
      "bin": {
        "playwright": "cli.js"
      },
      "engines": {
        "node": ">=14"
      }
    },
    "node_modules/playwright-core": {
      "version": "1.25.0",
      "resolved": "https://registry.npmjs.org/playwright-core/-/playwright-core-1.25.0.tgz",
      "integrity": "sha512-kZ3Jwaf3wlu0GgU0nB8UMQ+mXFTqBIFz9h1svTlNduNKjnbPXFxw7mJanLVjqxHJRn62uBfmgBj93YHidk2N5Q==",
      "peer": true,
      "bin": {
        "playwright": "cli.js"
      },
      "engines": {
        "node": ">=14"
      }
    },
    "node_modules/tldts-core": {
      "version": "5.7.89",
      "resolved": "https://registry.npmjs.org/tldts-core/-/tldts-core-5.7.89.tgz",
      "integrity": "sha512-wIXusZkOGcSHCY74yQveoz8EYAFsJQKp9c7xOCSjK7MYwVvLUowjPsWOTkYFg51tGFEGo3ryuUdZjsOJ/6rPPg=="
    },
    "node_modules/tldts-experimental": {
      "version": "5.7.89",
      "resolved": "https://registry.npmjs.org/tldts-experimental/-/tldts-experimental-5.7.89.tgz",
      "integrity": "sha512-phIR2uOMjUnPd5XQK8mCTm2HHDKS1H6vO+SaILz993mTkmDL/RRHvT08XSoKHazlAw9xwIbWKyqTOYvcJMftcQ==",
      "dependencies": {
        "tldts-core": "^5.7.89"
      }
    }
  },
  "dependencies": {
    "@cliqz/adblocker": {
      "version": "1.23.9",
      "resolved": "https://registry.npmjs.org/@cliqz/adblocker/-/adblocker-1.23.9.tgz",
      "integrity": "sha512-TeXjDa9qkVOntmbu9W8VTmsrLoDlcHf7xPsptKgsfkRr+m/VFAK38EyjkA6YBNrjU/A5JT6DRYg+IXu/0vpHbQ==",
      "requires": {
        "@cliqz/adblocker-content": "^1.23.9",
        "@cliqz/adblocker-extended-selectors": "^1.23.9",
        "@remusao/guess-url-type": "^1.1.2",
        "@remusao/small": "^1.1.2",
        "@remusao/smaz": "^1.7.1",
        "@types/chrome": "^0.0.193",
        "@types/firefox-webext-browser": "^94.0.0",
        "tldts-experimental": "^5.6.21"
      }
    },
    "@cliqz/adblocker-content": {
      "version": "1.23.9",
      "resolved": "https://registry.npmjs.org/@cliqz/adblocker-content/-/adblocker-content-1.23.9.tgz",
      "integrity": "sha512-5FGYew0mfxi6usvT22HcatD/MDYWs9VfRWdqpeNoRs1D566/N82Y5Vcb2BzGDCy6hekBEVdKBxrAD4OdTuBmLg==",
      "requires": {
        "@cliqz/adblocker-extended-selectors": "^1.23.9"
      }
    },
    "@cliqz/adblocker-extended-selectors": {
      "version": "1.23.9",
      "resolved": "https://registry.npmjs.org/@cliqz/adblocker-extended-selectors/-/adblocker-extended-selectors-1.23.9.tgz",
      "integrity": "sha512-qYhWCHCGxYXy3bgiju8KdARTWRM7zGL2fU1wDzTo6fjuKjfDz9EZS6wMn0+5t6cQsuLIbMPz8kbU/fKQvQ/r4Q=="
    },
    "@cliqz/adblocker-playwright": {
      "version": "1.23.9",
      "resolved": "https://registry.npmjs.org/@cliqz/adblocker-playwright/-/adblocker-playwright-1.23.9.tgz",
      "integrity": "sha512-s5sJWjTKqZSkh3XJZaveMkq1uM8Dnz9xHWrS7GUUITpAjQmsqihOlng+TuzKtkswhFh3VwropHj7XVrkUnlGUA==",
      "requires": {
        "@cliqz/adblocker": "^1.23.9",
        "@cliqz/adblocker-content": "^1.23.9",
        "tldts-experimental": "^5.6.21"
      }
    },
    "@remusao/guess-url-type": {
      "version": "1.2.1",
      "resolved": "https://registry.npmjs.org/@remusao/guess-url-type/-/guess-url-type-1.2.1.tgz",
      "integrity": "sha512-rbOqre2jW8STjheOsOaQHLgYBaBZ9Owbdt8NO7WvNZftJlaG3y/K9oOkl8ZUpuFBisIhmBuMEW6c+YrQl5inRA=="
    },
    "@remusao/small": {
      "version": "1.2.1",
      "resolved": "https://registry.npmjs.org/@remusao/small/-/small-1.2.1.tgz",
      "integrity": "sha512-7MjoGt0TJMVw1GPKgWq6SJPws1SLsUXQRa43Umht+nkyw2jnpy3WpiLNqGdwo5rHr5Wp9B2W/Pm5RQp656UJdw=="
    },
    "@remusao/smaz": {
      "version": "1.9.1",
      "resolved": "https://registry.npmjs.org/@remusao/smaz/-/smaz-1.9.1.tgz",
      "integrity": "sha512-e6BLuP8oaXCZ9+v46Is4ilAZ/Vq6YLgmBP204Ixgk1qTjXmqvFYG7+AS7v9nsZdGOy96r9DWGFbbDVgMxwu1rA==",
      "requires": {
        "@remusao/smaz-compress": "^1.9.1",
        "@remusao/smaz-decompress": "^1.9.1"
      }
    },
    "@remusao/smaz-compress": {
      "version": "1.9.1",
      "resolved": "https://registry.npmjs.org/@remusao/smaz-compress/-/smaz-compress-1.9.1.tgz",
      "integrity": "sha512-E2f48TwloQu3r6BdLOGF2aczeH7bJ/32oJGqvzT9SKur0cuUnLcZ7ZXP874E2fwmdE+cXzfC7bKzp79cDnmeyw==",
      "requires": {
        "@remusao/trie": "^1.4.1"
      }
    },
    "@remusao/smaz-decompress": {
      "version": "1.9.1",
      "resolved": "https://registry.npmjs.org/@remusao/smaz-decompress/-/smaz-decompress-1.9.1.tgz",
      "integrity": "sha512-TfjKKprYe3n47od8auhvJ/Ikj9kQTbDTe71ynKlxslrvvUhlIV3VQSuwYuMWMbdz1fIs0H/fxCN1Z8/H3km6/A=="
    },
    "@remusao/trie": {
      "version": "1.4.1",
      "resolved": "https://registry.npmjs.org/@remusao/trie/-/trie-1.4.1.tgz",
      "integrity": "sha512-yvwa+aCyYI/UjeD39BnpMypG8N06l86wIDW1/PAc6ihBRnodIfZDwccxQN3n1t74wduzaz74m4ZMHZnB06567Q=="
    },
    "@types/chrome": {
      "version": "0.0.193",
      "resolved": "https://registry.npmjs.org/@types/chrome/-/chrome-0.0.193.tgz",
      "integrity": "sha512-R8C84oqvk8A8C8G1viBd8qLpDr86Y/jwD+KLgzUekbIT9RGds6a9GnlQyg8P7ltnGogTMHkiEQK0ZlcrvTeo3Q==",
      "requires": {
        "@types/filesystem": "*",
        "@types/har-format": "*"
      }
    },
    "@types/filesystem": {
      "version": "0.0.32",
      "resolved": "https://registry.npmjs.org/@types/filesystem/-/filesystem-0.0.32.tgz",
      "integrity": "sha512-Yuf4jR5YYMR2DVgwuCiP11s0xuVRyPKmz8vo6HBY3CGdeMj8af93CFZX+T82+VD1+UqHOxTq31lO7MI7lepBtQ==",
      "requires": {
        "@types/filewriter": "*"
      }
    },
    "@types/filewriter": {
      "version": "0.0.29",
      "resolved": "https://registry.npmjs.org/@types/filewriter/-/filewriter-0.0.29.tgz",
      "integrity": "sha512-BsPXH/irW0ht0Ji6iw/jJaK8Lj3FJemon2gvEqHKpCdDCeemHa+rI3WBGq5z7cDMZgoLjY40oninGxqk+8NzNQ=="
    },
    "@types/firefox-webext-browser": {
      "version": "94.0.1",
      "resolved": "https://registry.npmjs.org/@types/firefox-webext-browser/-/firefox-webext-browser-94.0.1.tgz",
      "integrity": "sha512-I6iHRQJSTZ+gYt2IxdH2RRAMvcUyK8v5Ig7fHQR0IwUNYP7hz9+cziBVIKxLCO6XI7fiyRsNOWObfl3/4Js2Lg=="
    },
    "@types/har-format": {
      "version": "1.2.8",
      "resolved": "https://registry.npmjs.org/@types/har-format/-/har-format-1.2.8.tgz",
      "integrity": "sha512-OP6L9VuZNdskgNN3zFQQ54ceYD8OLq5IbqO4VK91ORLfOm7WdT/CiT/pHEBSQEqCInJ2y3O6iCm/zGtPElpgJQ=="
    },
    "playwright": {
      "version": "1.25.0",
      "resolved": "https://registry.npmjs.org/playwright/-/playwright-1.25.0.tgz",
      "integrity": "sha512-Z+pQNWI17Qx/tHhnmgMmPsptsisXpKgAnUvYv98kctlHUJaqMt2400P8kTw9vEPoC0xdxqu0JhxO7pDTmaaIKw==",
      "peer": true,
      "requires": {
        "playwright-core": "1.25.0"
      }
    },
    "playwright-core": {
      "version": "1.25.0",
      "resolved": "https://registry.npmjs.org/playwright-core/-/playwright-core-1.25.0.tgz",
      "integrity": "sha512-kZ3Jwaf3wlu0GgU0nB8UMQ+mXFTqBIFz9h1svTlNduNKjnbPXFxw7mJanLVjqxHJRn62uBfmgBj93YHidk2N5Q==",
      "peer": true
    },
    "tldts-core": {
      "version": "5.7.89",
      "resolved": "https://registry.npmjs.org/tldts-core/-/tldts-core-5.7.89.tgz",
      "integrity": "sha512-wIXusZkOGcSHCY74yQveoz8EYAFsJQKp9c7xOCSjK7MYwVvLUowjPsWOTkYFg51tGFEGo3ryuUdZjsOJ/6rPPg=="
    },
    "tldts-experimental": {
      "version": "5.7.89",
      "resolved": "https://registry.npmjs.org/tldts-experimental/-/tldts-experimental-5.7.89.tgz",
      "integrity": "sha512-phIR2uOMjUnPd5XQK8mCTm2HHDKS1H6vO+SaILz993mTkmDL/RRHvT08XSoKHazlAw9xwIbWKyqTOYvcJMftcQ==",
      "requires": {
        "tldts-core": "^5.7.89"
      }
    }
  }
}
